{
  "nodes": {
    "artiq-comtools": {
      "inputs": {
        "flake-utils": "flake-utils",
        "nixpkgs": [
          "nixpkgs"
        ],
        "sipyco": [
          "sipyco"
        ]
      },
      "locked": {
        "lastModified": 1734270714,
        "narHash": "sha256-7bzGn/hXLIsLQHGQsvo+uoIFUrw9DjXSlMC449BY4ME=",
        "ref": "refs/heads/master",
        "rev": "7e3152314af8f5987370e33b347b2ec2697567ed",
        "revCount": 26,
        "type": "git",
        "url": "https://git.m-labs.hk/M-Labs/artiq-comtools"
      },
      "original": {
        "type": "git",
        "url": "https://git.m-labs.hk/M-Labs/artiq-comtools.git"
      }
    },
    "flake-utils": {
      "inputs": {
        "systems": "systems"
      },
      "locked": {
        "lastModified": 1710146030,
        "narHash": "sha256-SZ5L6eA7HJ/nmkzGG7/ISclqe6oZdOZTNoesiInkXPQ=",
        "owner": "numtide",
        "repo": "flake-utils",
        "rev": "b1d9ab70662946ef0850d488da1c9019f3a9752a",
        "type": "github"
      },
      "original": {
        "owner": "numtide",
        "repo": "flake-utils",
        "type": "github"
      }
    },
    "mozilla-overlay": {
      "flake": false,
      "locked": {
        "lastModified": 1762256096,
        "narHash": "sha256-Hzj/d8eRpfRfjHSRX6gGRf0jSg2zIJMXl6S5opuKsHc=",
        "owner": "mozilla",
        "repo": "nixpkgs-mozilla",
        "rev": "80c058cf774c198fb838fc3549806b232dd3e320",
        "type": "github"
      },
      "original": {
        "owner": "mozilla",
        "repo": "nixpkgs-mozilla",
        "type": "github"
      }
    },
    "nixpkgs": {
      "locked": {
        "lastModified": 1767313136,
        "narHash": "sha256-16KkgfdYqjaeRGBaYsNrhPRRENs0qzkQVUooNHtoy2w=",
        "owner": "NixOS",
        "repo": "nixpkgs",
        "rev": "ac62194c3917d5f474c1a844b6fd6da2db95077d",
        "type": "github"
      },
      "original": {
        "owner": "NixOS",
        "ref": "nixos-25.05",
        "repo": "nixpkgs",
        "type": "github"
      }
    },
    "root": {
      "inputs": {
        "artiq-comtools": "artiq-comtools",
        "mozilla-overlay": "mozilla-overlay",
        "nixpkgs": "nixpkgs",
        "sipyco": "sipyco",
        "src-migen": "src-migen",
        "src-misoc": "src-misoc",
        "src-pythonparser": "src-pythonparser"
      }
    },
    "sipyco": {
      "inputs": {
        "nixpkgs": [
          "nixpkgs"
        ]
      },
      "locked": {
        "lastModified": 1734267097,
        "narHash": "sha256-aWg7XDiOlWnkXfDbKrBn9ITR46/JXfndvYHxFJ1vN78=",
        "ref": "refs/heads/master",
        "rev": "430978ada3fefe32de01f1b884b3031e48aaef96",
        "revCount": 94,
        "type": "git",
        "url": "https://git.m-labs.hk/M-Labs/sipyco"
      },
      "original": {
        "type": "git",
        "url": "https://git.m-labs.hk/M-Labs/sipyco.git"
      }
    },
    "src-migen": {
      "flake": false,
      "locked": {
        "lastModified": 1768997857,
        "narHash": "sha256-bdKQUQ3XLc4fV5sYBfKMuHuOS7nlF0ZU7rjWIKDzFzA=",
        "ref": "refs/heads/master",
        "rev": "44e5627d367c528b3ce5e686b6f305a9dfc56f2a",
        "revCount": 2076,
        "type": "git",
        "url": "https://git.m-labs.hk/M-Labs/migen.git"
      },
      "original": {
        "type": "git",
        "url": "https://git.m-labs.hk/M-Labs/migen.git"
      }
    },
    "src-misoc": {
      "flake": false,
      "locked": {
        "lastModified": 1765867404,
        "narHash": "sha256-YPYUHVIryXDp4W2hUtHUtBbRKIrbhInWImT0NKaacSY=",
        "ref": "refs/heads/master",
        "rev": "7ab412de11f6533cd68cd818924da5c28a484ccd",
        "revCount": 2509,
        "submodules": true,
        "type": "git",
        "url": "https://git.m-labs.hk/M-Labs/misoc.git"
      },
      "original": {
        "submodules": true,
        "type": "git",
        "url": "https://git.m-labs.hk/M-Labs/misoc.git"
      }
    },
    "src-pythonparser": {
      "flake": false,
      "locked": {
        "lastModified": 1767427016,
        "narHash": "sha256-E57okn+3gwvtXnF/qF/jypNYqijCLUYOEYLF9ZCzHpE=",
        "ref": "refs/heads/master",
        "rev": "a2ace427c84ee5b1e9bd9dbc9b9337e50fc54077",
        "revCount": 152,
        "type": "git",
        "url": "https://git.m-labs.hk/M-Labs/pythonparser.git"
      },
      "original": {
        "type": "git",
        "url": "https://git.m-labs.hk/M-Labs/pythonparser.git"
      }
    },
    "systems": {
      "locked": {
        "lastModified": 1681028828,
        "narHash": "sha256-Vy1rq5AaRuLzOxct8nz4T6wlgyUR7zLU309k9mBC768=",
        "owner": "nix-systems",
        "repo": "default",
        "rev": "da67096a3b9bf56a91d16901293e51ba5b49a27e",
        "type": "github"
      },
      "original": {
        "owner": "nix-systems",
        "repo": "default",
        "type": "github"
      }
    }
  },
  "root": "root",
  "version": 7
}
